
Microsoft Visual Studio Solution File, Format Version 12.00
# Visual Studio Version 17
VisualStudioVersion = 17.14.36327.8
MinimumVisualStudioVersion = 10.0.40219.1
Project("{FAE04EC0-301F-11D3-BF4B-00C04F79EFBC}") = "Nuxe", "Nuxe\Nuxe.csproj", "{ECD8815C-1C3D-4C0A-9125-5096C08F7515}"
EndProject
Project("{FAE04EC0-301F-11D3-BF4B-00C04F79EFBC}") = "Coremats", "lib\Coremats\Coremats\Coremats.csproj", "{73E39C7A-93ED-5C60-6E0E-E3203A9AE8A2}"
EndProject
Project("{FAE04EC0-301F-11D3-BF4B-00C04F79EFBC}") = "Noodle", "lib\Coremats\Noodle\Noodle.csproj", "{269402A8-4ACE-2485-2A2A-63E874A97E2A}"
EndProject
Project("{2150E333-8FDC-42A3-9474-1A3956D46DE8}") = "Solution Items", "Solution Items", "{8EC462FD-D22E-90A8-E5CE-7E832BA40C5D}"
	ProjectSection(SolutionItems) = preProject
		README.md = README.md
		dist\Readme.txt = dist\Readme.txt
	EndProjectSection
EndProject
Global
	GlobalSection(SolutionConfigurationPlatforms) = preSolution
		Debug|Any CPU = Debug|Any CPU
		Release|Any CPU = Release|Any CPU
	EndGlobalSection
	GlobalSection(ProjectConfigurationPlatforms) = postSolution
		{ECD8815C-1C3D-4C0A-9125-5096C08F7515}.Debug|Any CPU.ActiveCfg = Debug|Any CPU
		{ECD8815C-1C3D-4C0A-9125-5096C08F7515}.Debug|Any CPU.Build.0 = Debug|Any CPU
		{ECD8815C-1C3D-4C0A-9125-5096C08F7515}.Release|Any CPU.ActiveCfg = Release|Any CPU
		{ECD8815C-1C3D-4C0A-9125-5096C08F7515}.Release|Any CPU.Build.0 = Release|Any CPU
		{73E39C7A-93ED-5C60-6E0E-E3203A9AE8A2}.Debug|Any CPU.ActiveCfg = Debug|Any CPU
		{73E39C7A-93ED-5C60-6E0E-E3203A9AE8A2}.Debug|Any CPU.Build.0 = Debug|Any CPU
		{73E39C7A-93ED-5C60-6E0E-E3203A9AE8A2}.Release|Any CPU.ActiveCfg = Release|Any CPU
		{73E39C7A-93ED-5C60-6E0E-E3203A9AE8A2}.Release|Any CPU.Build.0 = Release|Any CPU
		{269402A8-4ACE-2485-2A2A-63E874A97E2A}.Debug|Any CPU.ActiveCfg = Debug|Any CPU
		{269402A8-4ACE-2485-2A2A-63E874A97E2A}.Debug|Any CPU.Build.0 = Debug|Any CPU
		{269402A8-4ACE-2485-2A2A-63E874A97E2A}.Release|Any CPU.ActiveCfg = Release|Any CPU
		{269402A8-4ACE-2485-2A2A-63E874A97E2A}.Release|Any CPU.Build.0 = Release|Any CPU
	EndGlobalSection
	GlobalSection(SolutionProperties) = preSolution
		HideSolutionNode = FALSE
	EndGlobalSection
	GlobalSection(ExtensibilityGlobals) = postSolution
		SolutionGuid = {A99140C9-71FE-45B0-95C7-68DC21221CC7}
	EndGlobalSection
EndGlobal
